
Microsoft Visual Studio Solution File, Format Version 12.00
# Visual Studio Version 17
VisualStudioVersion = 17.7.34024.191
MinimumVisualStudioVersion = 10.0.40219.1
Project("{FAE04EC0-301F-11D3-BF4B-00C04F79EFBC}") = "PryPlataformaEmpleados", "PryPlataformaEmpleados.csproj", "{37B090CA-DD0F-40B6-A290-0882DFDDC4F1}"
EndProject
Global
	GlobalSection(SolutionConfigurationPlatforms) = preSolution
		Debug|Any CPU = Debug|Any CPU
		Release|Any CPU = Release|Any CPU
	EndGlobalSection
	GlobalSection(ProjectConfigurationPlatforms) = postSolution
		{37B090CA-DD0F-40B6-A290-0882DFDDC4F1}.Debug|Any CPU.ActiveCfg = Debug|Any CPU
		{37B090CA-DD0F-40B6-A290-0882DFDDC4F1}.Debug|Any CPU.Build.0 = Debug|Any CPU
		{37B090CA-DD0F-40B6-A290-0882DFDDC4F1}.Release|Any CPU.ActiveCfg = Release|Any CPU
		{37B090CA-DD0F-40B6-A290-0882DFDDC4F1}.Release|Any CPU.Build.0 = Release|Any CPU
	EndGlobalSection
	GlobalSection(SolutionProperties) = preSolution
		HideSolutionNode = FALSE
	EndGlobalSection
	GlobalSection(ExtensibilityGlobals) = postSolution
		SolutionGuid = {E6FF598D-2F9F-46B9-805B-6739C19830D7}
	EndGlobalSection
EndGlobal
